
Microsoft Visual Studio Solution File, Format Version 12.00
# Visual Studio Version 16
VisualStudioVersion = 16.0.31112.23
MinimumVisualStudioVersion = 10.0.40219.1
Project("{FAE04EC0-301F-11D3-BF4B-00C04F79EFBC}") = "NetflixGraphQL", "NetflixGraphQL.csproj", "{3BD23206-91FF-4E23-A949-C0E7FC2EDD66}"
EndProject
Project("{FAE04EC0-301F-11D3-BF4B-00C04F79EFBC}") = "NetflixGraphQL.Types", "..\NetflixGraphQL.Types\NetflixGraphQL.Types.csproj", "{DEF410A1-29AA-4A12-BC73-78725D2734B3}"
EndProject
Project("{FAE04EC0-301F-11D3-BF4B-00C04F79EFBC}") = "NetflixGraphQL.Utilities", "..\NetflixGraphQL.Utilities\NetflixGraphQL.Utilities.csproj", "{858F3079-67C9-497C-B0C4-A4BD3C8AA18A}"
EndProject
Global
	GlobalSection(SolutionConfigurationPlatforms) = preSolution
		Debug|Any CPU = Debug|Any CPU
		Release|Any CPU = Release|Any CPU
	EndGlobalSection
	GlobalSection(ProjectConfigurationPlatforms) = postSolution
		{3BD23206-91FF-4E23-A949-C0E7FC2EDD66}.Debug|Any CPU.ActiveCfg = Debug|Any CPU
		{3BD23206-91FF-4E23-A949-C0E7FC2EDD66}.Debug|Any CPU.Build.0 = Debug|Any CPU
		{3BD23206-91FF-4E23-A949-C0E7FC2EDD66}.Release|Any CPU.ActiveCfg = Release|Any CPU
		{3BD23206-91FF-4E23-A949-C0E7FC2EDD66}.Release|Any CPU.Build.0 = Release|Any CPU
		{DEF410A1-29AA-4A12-BC73-78725D2734B3}.Debug|Any CPU.ActiveCfg = Debug|Any CPU
		{DEF410A1-29AA-4A12-BC73-78725D2734B3}.Debug|Any CPU.Build.0 = Debug|Any CPU
		{DEF410A1-29AA-4A12-BC73-78725D2734B3}.Release|Any CPU.ActiveCfg = Release|Any CPU
		{DEF410A1-29AA-4A12-BC73-78725D2734B3}.Release|Any CPU.Build.0 = Release|Any CPU
		{858F3079-67C9-497C-B0C4-A4BD3C8AA18A}.Debug|Any CPU.ActiveCfg = Debug|Any CPU
		{858F3079-67C9-497C-B0C4-A4BD3C8AA18A}.Debug|Any CPU.Build.0 = Debug|Any CPU
		{858F3079-67C9-497C-B0C4-A4BD3C8AA18A}.Release|Any CPU.ActiveCfg = Release|Any CPU
		{858F3079-67C9-497C-B0C4-A4BD3C8AA18A}.Release|Any CPU.Build.0 = Release|Any CPU
	EndGlobalSection
	GlobalSection(SolutionProperties) = preSolution
		HideSolutionNode = FALSE
	EndGlobalSection
	GlobalSection(ExtensibilityGlobals) = postSolution
		SolutionGuid = {2CE144C4-99BF-47B2-A275-AE4DFA21CD67}
	EndGlobalSection
EndGlobal
