
Microsoft Visual Studio Solution File, Format Version 12.00
# Visual Studio Version 16
VisualStudioVersion = 16.0.31112.23
MinimumVisualStudioVersion = 10.0.40219.1
Project("{9A19103F-16F7-4668-BE54-9A1E7A4F7556}") = "NetflixGraphQL", "NetflixGraphQL.csproj", "{3BD23206-91FF-4E23-A949-C0E7FC2EDD66}"
EndProject
Global
	GlobalSection(SolutionConfigurationPlatforms) = preSolution
		Debug|Any CPU = Debug|Any CPU
		Release|Any CPU = Release|Any CPU
	EndGlobalSection
	GlobalSection(ProjectConfigurationPlatforms) = postSolution
		{3BD23206-91FF-4E23-A949-C0E7FC2EDD66}.Debug|Any CPU.ActiveCfg = Debug|Any CPU
		{3BD23206-91FF-4E23-A949-C0E7FC2EDD66}.Debug|Any CPU.Build.0 = Debug|Any CPU
		{3BD23206-91FF-4E23-A949-C0E7FC2EDD66}.Release|Any CPU.ActiveCfg = Release|Any CPU
		{3BD23206-91FF-4E23-A949-C0E7FC2EDD66}.Release|Any CPU.Build.0 = Release|Any CPU
	EndGlobalSection
	GlobalSection(SolutionProperties) = preSolution
		HideSolutionNode = FALSE
	EndGlobalSection
	GlobalSection(ExtensibilityGlobals) = postSolution
		SolutionGuid = {2CE144C4-99BF-47B2-A275-AE4DFA21CD67}
	EndGlobalSection
EndGlobal
